
Microsoft Visual Studio Solution File, Format Version 11.00
# Visual Basic Express 2010
Project("{F184B08F-C81C-45F6-A57F-5ABD9991F28F}") = "學生成績管理", "學生成績管理.vbproj", "{DE5DA2B1-2FB0-431D-9551-EC1EBFCC9782}"
EndProject
Global
	GlobalSection(SolutionConfigurationPlatforms) = preSolution
		Debug|x86 = Debug|x86
		Release|x86 = Release|x86
	EndGlobalSection
	GlobalSection(ProjectConfigurationPlatforms) = postSolution
		{DE5DA2B1-2FB0-431D-9551-EC1EBFCC9782}.Debug|x86.ActiveCfg = Debug|x86
		{DE5DA2B1-2FB0-431D-9551-EC1EBFCC9782}.Debug|x86.Build.0 = Debug|x86
		{DE5DA2B1-2FB0-431D-9551-EC1EBFCC9782}.Release|x86.ActiveCfg = Release|x86
		{DE5DA2B1-2FB0-431D-9551-EC1EBFCC9782}.Release|x86.Build.0 = Release|x86
	EndGlobalSection
	GlobalSection(SolutionProperties) = preSolution
		HideSolutionNode = FALSE
	EndGlobalSection
EndGlobal
